<Solution>
  <Configurations>
    <Platform Name="x64" />
  </Configurations>
  <Project Path="HostApp/HostApp.csproj" />
  <Project Path="RemoteCore/RemoteCore.csproj" />
  <Project Path="ServerRelay/ServerRelay.csproj" />
  <Project Path="ViewerApp/ViewerApp.csproj" />
  <Project Path="PrivilegedService/PrivilegedService.csproj" />
  <Project Path="Installer.Velopack/Installer.Velopack.csproj" />
  <Project Path="PrivilegedHelper/PrivilegedHelper.csproj" />
</Solution>
